
Microsoft Visual Studio Solution File, Format Version 12.00
# Visual Studio Version 16
VisualStudioVersion = 16.0.30104.148
MinimumVisualStudioVersion = 10.0.40219.1
Project("{FAE04EC0-301F-11D3-BF4B-00C04F79EFBC}") = "Super steve platformer", "Super steve platformer.csproj", "{795F962E-CB33-47B6-BC72-8174AE5D801D}"
EndProject
Global
	GlobalSection(SolutionConfigurationPlatforms) = preSolution
		Debug|Any CPU = Debug|Any CPU
		Release|Any CPU = Release|Any CPU
	EndGlobalSection
	GlobalSection(ProjectConfigurationPlatforms) = postSolution
		{795F962E-CB33-47B6-BC72-8174AE5D801D}.Debug|Any CPU.ActiveCfg = Debug|Any CPU
		{795F962E-CB33-47B6-BC72-8174AE5D801D}.Debug|Any CPU.Build.0 = Debug|Any CPU
		{795F962E-CB33-47B6-BC72-8174AE5D801D}.Release|Any CPU.ActiveCfg = Release|Any CPU
		{795F962E-CB33-47B6-BC72-8174AE5D801D}.Release|Any CPU.Build.0 = Release|Any CPU
	EndGlobalSection
	GlobalSection(SolutionProperties) = preSolution
		HideSolutionNode = FALSE
	EndGlobalSection
	GlobalSection(ExtensibilityGlobals) = postSolution
		SolutionGuid = {70D1A1FE-99C5-412D-8C5F-C8D761876114}
	EndGlobalSection
EndGlobal
